
Microsoft Visual Studio Solution File, Format Version 12.00
# Visual Studio Version 17
VisualStudioVersion = 17.2.32526.322
MinimumVisualStudioVersion = 10.0.40219.1
Project("{9A19103F-16F7-4668-BE54-9A1E7A4F7556}") = "CoreService", "CoreService.csproj", "{0CDB8FDD-2172-44B9-B733-7F5F7B30867A}"
EndProject
Project("{9A19103F-16F7-4668-BE54-9A1E7A4F7556}") = "Cores", "..\Cores\Cores.csproj", "{C3BEA32D-3857-48D6-9464-1E4512F8392E}"
EndProject
Global
	GlobalSection(SolutionConfigurationPlatforms) = preSolution
		Debug|Any CPU = Debug|Any CPU
		Release|Any CPU = Release|Any CPU
	EndGlobalSection
	GlobalSection(ProjectConfigurationPlatforms) = postSolution
		{0CDB8FDD-2172-44B9-B733-7F5F7B30867A}.Debug|Any CPU.ActiveCfg = Debug|Any CPU
		{0CDB8FDD-2172-44B9-B733-7F5F7B30867A}.Debug|Any CPU.Build.0 = Debug|Any CPU
		{0CDB8FDD-2172-44B9-B733-7F5F7B30867A}.Release|Any CPU.ActiveCfg = Release|Any CPU
		{0CDB8FDD-2172-44B9-B733-7F5F7B30867A}.Release|Any CPU.Build.0 = Release|Any CPU
		{C3BEA32D-3857-48D6-9464-1E4512F8392E}.Debug|Any CPU.ActiveCfg = Debug|Any CPU
		{C3BEA32D-3857-48D6-9464-1E4512F8392E}.Debug|Any CPU.Build.0 = Debug|Any CPU
		{C3BEA32D-3857-48D6-9464-1E4512F8392E}.Release|Any CPU.ActiveCfg = Release|Any CPU
		{C3BEA32D-3857-48D6-9464-1E4512F8392E}.Release|Any CPU.Build.0 = Release|Any CPU
	EndGlobalSection
	GlobalSection(SolutionProperties) = preSolution
		HideSolutionNode = FALSE
	EndGlobalSection
	GlobalSection(ExtensibilityGlobals) = postSolution
		SolutionGuid = {66E82188-F118-47AE-B95E-2BF896B80567}
	EndGlobalSection
EndGlobal
